// !$*UTF8*$!
{
	archiveVersion = 1;
	classes = {
	};
	objectVersion = 50;
	objects = {

/* Begin PBXBuildFile section */
		3FB518AC217F090F00A5B56E /* City.swift in Sources */ = {isa = PBXBuildFile; fileRef = 3FB518AB217F090F00A5B56E /* City.swift */; };
		3FB518AE217F0D5B00A5B56E /* WhetherData.swift in Sources */ = {isa = PBXBuildFile; fileRef = 3FB518AD217F0D5B00A5B56E /* WhetherData.swift */; };
		3FB518B0217F0E4C00A5B56E /* WindDirection.swift in Sources */ = {isa = PBXBuildFile; fileRef = 3FB518AF217F0E4C00A5B56E /* WindDirection.swift */; };
		3FB518B2217F0FBE00A5B56E /* WheatherGetter.swift in Sources */ = {isa = PBXBuildFile; fileRef = 3FB518B1217F0FBE00A5B56E /* WheatherGetter.swift */; };
		3FB518B4217F18CC00A5B56E /* img in Resources */ = {isa = PBXBuildFile; fileRef = 3FB518B3217F18CC00A5B56E /* img */; };
		CA835EB9217E1732001D16C3 /* MasterViewController.swift in Sources */ = {isa = PBXBuildFile; fileRef = CA835EB8217E1732001D16C3 /* MasterViewController.swift */; };
		CA835EBB217E1857001D16C3 /* DetailViewController.swift in Sources */ = {isa = PBXBuildFile; fileRef = CA835EBA217E1857001D16C3 /* DetailViewController.swift */; };
		CAFB93B7217E15EE000D9903 /* AppDelegate.swift in Sources */ = {isa = PBXBuildFile; fileRef = CAFB93B6217E15EE000D9903 /* AppDelegate.swift */; };
		CAFB93B9217E15EE000D9903 /* ViewController.swift in Sources */ = {isa = PBXBuildFile; fileRef = CAFB93B8217E15EE000D9903 /* ViewController.swift */; };
		CAFB93BC217E15EE000D9903 /* Main.storyboard in Resources */ = {isa = PBXBuildFile; fileRef = CAFB93BA217E15EE000D9903 /* Main.storyboard */; };
		CAFB93BE217E15EF000D9903 /* Assets.xcassets in Resources */ = {isa = PBXBuildFile; fileRef = CAFB93BD217E15EF000D9903 /* Assets.xcassets */; };
		CAFB93C1217E15EF000D9903 /* LaunchScreen.storyboard in Resources */ = {isa = PBXBuildFile; fileRef = CAFB93BF217E15EF000D9903 /* LaunchScreen.storyboard */; };
/* End PBXBuildFile section */

/* Begin PBXFileReference section */
		3FB518AB217F090F00A5B56E /* City.swift */ = {isa = PBXFileReference; lastKnownFileType = sourcecode.swift; path = City.swift; sourceTree = "<group>"; };
		3FB518AD217F0D5B00A5B56E /* WhetherData.swift */ = {isa = PBXFileReference; lastKnownFileType = sourcecode.swift; path = WhetherData.swift; sourceTree = "<group>"; };
		3FB518AF217F0E4C00A5B56E /* WindDirection.swift */ = {isa = PBXFileReference; lastKnownFileType = sourcecode.swift; path = WindDirection.swift; sourceTree = "<group>"; };
		3FB518B1217F0FBE00A5B56E /* WheatherGetter.swift */ = {isa = PBXFileReference; lastKnownFileType = sourcecode.swift; path = WheatherGetter.swift; sourceTree = "<group>"; };
		3FB518B3217F18CC00A5B56E /* img */ = {isa = PBXFileReference; lastKnownFileType = folder; path = img; sourceTree = "<group>"; };
		CA835EB8217E1732001D16C3 /* MasterViewController.swift */ = {isa = PBXFileReference; lastKnownFileType = sourcecode.swift; path = MasterViewController.swift; sourceTree = "<group>"; };
		CA835EBA217E1857001D16C3 /* DetailViewController.swift */ = {isa = PBXFileReference; lastKnownFileType = sourcecode.swift; path = DetailViewController.swift; sourceTree = "<group>"; };
		CAFB93B3217E15EE000D9903 /* Advanced UI.app */ = {isa = PBXFileReference; explicitFileType = wrapper.application; includeInIndex = 0; path = "Advanced UI.app"; sourceTree = BUILT_PRODUCTS_DIR; };
		CAFB93B6217E15EE000D9903 /* AppDelegate.swift */ = {isa = PBXFileReference; lastKnownFileType = sourcecode.swift; path = AppDelegate.swift; sourceTree = "<group>"; };
		CAFB93B8217E15EE000D9903 /* ViewController.swift */ = {isa = PBXFileReference; lastKnownFileType = sourcecode.swift; path = ViewController.swift; sourceTree = "<group>"; };
		CAFB93BB217E15EE000D9903 /* Base */ = {isa = PBXFileReference; lastKnownFileType = file.storyboard; name = Base; path = Base.lproj/Main.storyboard; sourceTree = "<group>"; };
		CAFB93BD217E15EF000D9903 /* Assets.xcassets */ = {isa = PBXFileReference; lastKnownFileType = folder.assetcatalog; path = Assets.xcassets; sourceTree = "<group>"; };
		CAFB93C0217E15EF000D9903 /* Base */ = {isa = PBXFileReference; lastKnownFileType = file.storyboard; name = Base; path = Base.lproj/LaunchScreen.storyboard; sourceTree = "<group>"; };
		CAFB93C2217E15EF000D9903 /* Info.plist */ = {isa = PBXFileReference; lastKnownFileType = text.plist.xml; path = Info.plist; sourceTree = "<group>"; };
/* End PBXFileReference section */

/* Begin PBXFrameworksBuildPhase section */
		CAFB93B0217E15EE000D9903 /* Frameworks */ = {
			isa = PBXFrameworksBuildPhase;
			buildActionMask = 2147483647;
			files = (
			);
			runOnlyForDeploymentPostprocessing = 0;
		};
/* End PBXFrameworksBuildPhase section */

/* Begin PBXGroup section */
		CAFB93AA217E15EE000D9903 = {
			isa = PBXGroup;
			children = (
				CAFB93B5217E15EE000D9903 /* Advanced UI */,
				CAFB93B4217E15EE000D9903 /* Products */,
			);
			sourceTree = "<group>";
		};
		CAFB93B4217E15EE000D9903 /* Products */ = {
			isa = PBXGroup;
			children = (
				CAFB93B3217E15EE000D9903 /* Advanced UI.app */,
			);
			name = Products;
			sourceTree = "<group>";
		};
		CAFB93B5217E15EE000D9903 /* Advanced UI */ = {
			isa = PBXGroup;
			children = (
				CA835EB8217E1732001D16C3 /* MasterViewController.swift */,
				3FB518AD217F0D5B00A5B56E /* WhetherData.swift */,
				3FB518AF217F0E4C00A5B56E /* WindDirection.swift */,
				CA835EBA217E1857001D16C3 /* DetailViewController.swift */,
				CAFB93B6217E15EE000D9903 /* AppDelegate.swift */,
				CAFB93B8217E15EE000D9903 /* ViewController.swift */,
				CAFB93BA217E15EE000D9903 /* Main.storyboard */,
				3FB518AB217F090F00A5B56E /* City.swift */,
				3FB518B1217F0FBE00A5B56E /* WheatherGetter.swift */,
				CAFB93BD217E15EF000D9903 /* Assets.xcassets */,
				3FB518B3217F18CC00A5B56E /* img */,
				CAFB93BF217E15EF000D9903 /* LaunchScreen.storyboard */,
				CAFB93C2217E15EF000D9903 /* Info.plist */,
			);
			path = "Advanced UI";
			sourceTree = "<group>";
		};
/* End PBXGroup section */

/* Begin PBXNativeTarget section */
		CAFB93B2217E15EE000D9903 /* Advanced UI */ = {
			isa = PBXNativeTarget;
			buildConfigurationList = CAFB93C5217E15EF000D9903 /* Build configuration list for PBXNativeTarget "Advanced UI" */;
			buildPhases = (
				CAFB93AF217E15EE000D9903 /* Sources */,
				CAFB93B0217E15EE000D9903 /* Frameworks */,
				CAFB93B1217E15EE000D9903 /* Resources */,
			);
			buildRules = (
			);
			dependencies = (
			);
			name = "Advanced UI";
			productName = "Advanced UI";
			productReference = CAFB93B3217E15EE000D9903 /* Advanced UI.app */;
			productType = "com.apple.product-type.application";
		};
/* End PBXNativeTarget section */

/* Begin PBXProject section */
		CAFB93AB217E15EE000D9903 /* Project object */ = {
			isa = PBXProject;
			attributes = {
				LastSwiftUpdateCheck = 1000;
				LastUpgradeCheck = 1000;
				ORGANIZATIONNAME = agh;
				TargetAttributes = {
					CAFB93B2217E15EE000D9903 = {
						CreatedOnToolsVersion = 10.0;
					};
				};
			};
			buildConfigurationList = CAFB93AE217E15EE000D9903 /* Build configuration list for PBXProject "Advanced UI" */;
			compatibilityVersion = "Xcode 9.3";
			developmentRegion = en;
			hasScannedForEncodings = 0;
			knownRegions = (
				en,
				Base,
			);
			mainGroup = CAFB93AA217E15EE000D9903;
			productRefGroup = CAFB93B4217E15EE000D9903 /* Products */;
			projectDirPath = "";
			projectRoot = "";
			targets = (
				CAFB93B2217E15EE000D9903 /* Advanced UI */,
			);
		};
/* End PBXProject section */

/* Begin PBXResourcesBuildPhase section */
		CAFB93B1217E15EE000D9903 /* Resources */ = {
			isa = PBXResourcesBuildPhase;
			buildActionMask = 2147483647;
			files = (
				3FB518B4217F18CC00A5B56E /* img in Resources */,
				CAFB93C1217E15EF000D9903 /* LaunchScreen.storyboard in Resources */,
				CAFB93BE217E15EF000D9903 /* Assets.xcassets in Resources */,
				CAFB93BC217E15EE000D9903 /* Main.storyboard in Resources */,
			);
			runOnlyForDeploymentPostprocessing = 0;
		};
/* End PBXResourcesBuildPhase section */

/* Begin PBXSourcesBuildPhase section */
		CAFB93AF217E15EE000D9903 /* Sources */ = {
			isa = PBXSourcesBuildPhase;
			buildActionMask = 2147483647;
			files = (
				CAFB93B9217E15EE000D9903 /* ViewController.swift in Sources */,
				3FB518AE217F0D5B00A5B56E /* WhetherData.swift in Sources */,
				3FB518B2217F0FBE00A5B56E /* WheatherGetter.swift in Sources */,
				3FB518AC217F090F00A5B56E /* City.swift in Sources */,
				CAFB93B7217E15EE000D9903 /* AppDelegate.swift in Sources */,
				CA835EB9217E1732001D16C3 /* MasterViewController.swift in Sources */,
				CA835EBB217E1857001D16C3 /* DetailViewController.swift in Sources */,
				3FB518B0217F0E4C00A5B56E /* WindDirection.swift in Sources */,
			);
			runOnlyForDeploymentPostprocessing = 0;
		};
/* End PBXSourcesBuildPhase section */

/* Begin PBXVariantGroup section */
		CAFB93BA217E15EE000D9903 /* Main.storyboard */ = {
			isa = PBXVariantGroup;
			children = (
				CAFB93BB217E15EE000D9903 /* Base */,
			);
			name = Main.storyboard;
			sourceTree = "<group>";
		};
		CAFB93BF217E15EF000D9903 /* LaunchScreen.storyboard */ = {
			isa = PBXVariantGroup;
			children = (
				CAFB93C0217E15EF000D9903 /* Base */,
			);
			name = LaunchScreen.storyboard;
			sourceTree = "<group>";
		};
/* End PBXVariantGroup section */

/* Begin XCBuildConfiguration section */
		CAFB93C3217E15EF000D9903 /* Debug */ = {
			isa = XCBuildConfiguration;
			buildSettings = {
				ALWAYS_SEARCH_USER_PATHS = NO;
				CLANG_ANALYZER_NONNULL = YES;
				CLANG_ANALYZER_NUMBER_OBJECT_CONVERSION = YES_AGGRESSIVE;
				CLANG_CXX_LANGUAGE_STANDARD = "gnu++14";
				CLANG_CXX_LIBRARY = "libc++";
				CLANG_ENABLE_MODULES = YES;
				CLANG_ENABLE_OBJC_ARC = YES;
				CLANG_ENABLE_OBJC_WEAK = YES;
				CLANG_WARN_BLOCK_CAPTURE_AUTORELEASING = YES;
				CLANG_WARN_BOOL_CONVERSION = YES;
				CLANG_WARN_COMMA = YES;
				CLANG_WARN_CONSTANT_CONVERSION = YES;
				CLANG_WARN_DEPRECATED_OBJC_IMPLEMENTATIONS = YES;
				CLANG_WARN_DIRECT_OBJC_ISA_USAGE = YES_ERROR;
				CLANG_WARN_DOCUMENTATION_COMMENTS = YES;
				CLANG_WARN_EMPTY_BODY = YES;
				CLANG_WARN_ENUM_CONVERSION = YES;
				CLANG_WARN_INFINITE_RECURSION = YES;
				CLANG_WARN_INT_CONVERSION = YES;
				CLANG_WARN_NON_LITERAL_NULL_CONVERSION = YES;
				CLANG_WARN_OBJC_IMPLICIT_RETAIN_SELF = YES;
				CLANG_WARN_OBJC_LITERAL_CONVERSION = YES;
				CLANG_WARN_OBJC_ROOT_CLASS = YES_ERROR;
				CLANG_WARN_RANGE_LOOP_ANALYSIS = YES;
				CLANG_WARN_STRICT_PROTOTYPES = YES;
				CLANG_WARN_SUSPICIOUS_MOVE = YES;
				CLANG_WARN_UNGUARDED_AVAILABILITY = YES_AGGRESSIVE;
				CLANG_WARN_UNREACHABLE_CODE = YES;
				CLANG_WARN__DUPLICATE_METHOD_MATCH = YES;
				CODE_SIGN_IDENTITY = "iPhone Developer";
				COPY_PHASE_STRIP = NO;
				DEBUG_INFORMATION_FORMAT = dwarf;
				ENABLE_STRICT_OBJC_MSGSEND = YES;
				ENABLE_TESTABILITY = YES;
				GCC_C_LANGUAGE_STANDARD = gnu11;
				GCC_DYNAMIC_NO_PIC = NO;
				GCC_NO_COMMON_BLOCKS = YES;
				GCC_OPTIMIZATION_LEVEL = 0;
				GCC_PREPROCESSOR_DEFINITIONS = (
					"DEBUG=1",
					"$(inherited)",
				);
				GCC_WARN_64_TO_32_BIT_CONVERSION = YES;
				GCC_WARN_ABOUT_RETURN_TYPE = YES_ERROR;
				GCC_WARN_UNDECLARED_SELECTOR = YES;
				GCC_WARN_UNINITIALIZED_AUTOS = YES_AGGRESSIVE;
				GCC_WARN_UNUSED_FUNCTION = YES;
				GCC_WARN_UNUSED_VARIABLE = YES;
				IPHONEOS_DEPLOYMENT_TARGET = 12.0;
				MTL_ENABLE_DEBUG_INFO = INCLUDE_SOURCE;
				MTL_FAST_MATH = YES;
				ONLY_ACTIVE_ARCH = YES;
				SDKROOT = iphoneos;
				SWIFT_ACTIVE_COMPILATION_CONDITIONS = DEBUG;
				SWIFT_OPTIMIZATION_LEVEL = "-Onone";
			};
			name = Debug;
		};
		CAFB93C4217E15EF000D9903 /* Release */ = {
			isa = XCBuildConfiguration;
			buildSettings = {
				ALWAYS_SEARCH_USER_PATHS = NO;
				CLANG_ANALYZER_NONNULL = YES;
				CLANG_ANALYZER_NUMBER_OBJECT_CONVERSION = YES_AGGRESSIVE;
				CLANG_CXX_LANGUAGE_STANDARD = "gnu++14";
				CLANG_CXX_LIBRARY = "libc++";
				CLANG_ENABLE_MODULES = YES;
				CLANG_ENABLE_OBJC_ARC = YES;
				CLANG_ENABLE_OBJC_WEAK = YES;
				CLANG_WARN_BLOCK_CAPTURE_AUTORELEASING = YES;
				CLANG_WARN_BOOL_CONVERSION = YES;
				CLANG_WARN_COMMA = YES;
				CLANG_WARN_CONSTANT_CONVERSION = YES;
				CLANG_WARN_DEPRECATED_OBJC_IMPLEMENTATIONS = YES;
				CLANG_WARN_DIRECT_OBJC_ISA_USAGE = YES_ERROR;
				CLANG_WARN_DOCUMENTATION_COMMENTS = YES;
				CLANG_WARN_EMPTY_BODY = YES;
				CLANG_WARN_ENUM_CONVERSION = YES;
				CLANG_WARN_INFINITE_RECURSION = YES;
				CLANG_WARN_INT_CONVERSION = YES;
				CLANG_WARN_NON_LITERAL_NULL_CONVERSION = YES;
				CLANG_WARN_OBJC_IMPLICIT_RETAIN_SELF = YES;
				CLANG_WARN_OBJC_LITERAL_CONVERSION = YES;
				CLANG_WARN_OBJC_ROOT_CLASS = YES_ERROR;
				CLANG_WARN_RANGE_LOOP_ANALYSIS = YES;
				CLANG_WARN_STRICT_PROTOTYPES = YES;
				CLANG_WARN_SUSPICIOUS_MOVE = YES;
				CLANG_WARN_UNGUARDED_AVAILABILITY = YES_AGGRESSIVE;
				CLANG_WARN_UNREACHABLE_CODE = YES;
				CLANG_WARN__DUPLICATE_METHOD_MATCH = YES;
				CODE_SIGN_IDENTITY = "iPhone Developer";
				COPY_PHASE_STRIP = NO;
				DEBUG_INFORMATION_FORMAT = "dwarf-with-dsym";
				ENABLE_NS_ASSERTIONS = NO;
				ENABLE_STRICT_OBJC_MSGSEND = YES;
				GCC_C_LANGUAGE_STANDARD = gnu11;
				GCC_NO_COMMON_BLOCKS = YES;
				GCC_WARN_64_TO_32_BIT_CONVERSION = YES;
				GCC_WARN_ABOUT_RETURN_TYPE = YES_ERROR;
				GCC_WARN_UNDECLARED_SELECTOR = YES;
				GCC_WARN_UNINITIALIZED_AUTOS = YES_AGGRESSIVE;
				GCC_WARN_UNUSED_FUNCTION = YES;
				GCC_WARN_UNUSED_VARIABLE = YES;
				IPHONEOS_DEPLOYMENT_TARGET = 12.0;
				MTL_ENABLE_DEBUG_INFO = NO;
				MTL_FAST_MATH = YES;
				SDKROOT = iphoneos;
				SWIFT_COMPILATION_MODE = wholemodule;
				SWIFT_OPTIMIZATION_LEVEL = "-O";
				VALIDATE_PRODUCT = YES;
			};
			name = Release;
		};
		CAFB93C6217E15EF000D9903 /* Debug */ = {
			isa = XCBuildConfiguration;
			buildSettings = {
				ASSETCATALOG_COMPILER_APPICON_NAME = AppIcon;
				CODE_SIGN_STYLE = Automatic;
				INFOPLIST_FILE = "Advanced UI/Info.plist";
				LD_RUNPATH_SEARCH_PATHS = (
					"$(inherited)",
					"@executable_path/Frameworks",
				);
				PRODUCT_BUNDLE_IDENTIFIER = "agh.Advanced-UI";
				PRODUCT_NAME = "$(TARGET_NAME)";
				SWIFT_VERSION = 4.2;
				TARGETED_DEVICE_FAMILY = "1,2";
			};
			name = Debug;
		};
		CAFB93C7217E15EF000D9903 /* Release */ = {
			isa = XCBuildConfiguration;
			buildSettings = {
				ASSETCATALOG_COMPILER_APPICON_NAME = AppIcon;
				CODE_SIGN_STYLE = Automatic;
				INFOPLIST_FILE = "Advanced UI/Info.plist";
				LD_RUNPATH_SEARCH_PATHS = (
					"$(inherited)",
					"@executable_path/Frameworks",
				);
				PRODUCT_BUNDLE_IDENTIFIER = "agh.Advanced-UI";
				PRODUCT_NAME = "$(TARGET_NAME)";
				SWIFT_VERSION = 4.2;
				TARGETED_DEVICE_FAMILY = "1,2";
			};
			name = Release;
		};
/* End XCBuildConfiguration section */

/* Begin XCConfigurationList section */
		CAFB93AE217E15EE000D9903 /* Build configuration list for PBXProject "Advanced UI" */ = {
			isa = XCConfigurationList;
			buildConfigurations = (
				CAFB93C3217E15EF000D9903 /* Debug */,
				CAFB93C4217E15EF000D9903 /* Release */,
			);
			defaultConfigurationIsVisible = 0;
			defaultConfigurationName = Release;
		};
		CAFB93C5217E15EF000D9903 /* Build configuration list for PBXNativeTarget "Advanced UI" */ = {
			isa = XCConfigurationList;
			buildConfigurations = (
				CAFB93C6217E15EF000D9903 /* Debug */,
				CAFB93C7217E15EF000D9903 /* Release */,
			);
			defaultConfigurationIsVisible = 0;
			defaultConfigurationName = Release;
		};
/* End XCConfigurationList section */
	};
	rootObject = CAFB93AB217E15EE000D9903 /* Project object */;
}
